
Microsoft Visual Studio Solution File, Format Version 12.00
# Visual Studio Version 17
VisualStudioVersion = 17.12.35728.132
MinimumVisualStudioVersion = 10.0.40219.1
Project("{2150E333-8FDC-42A3-9474-1A3956D46DE8}") = "Core", "Core", "{A496133F-86A7-4860-8ED9-D1125BB62507}"
EndProject
Project("{2150E333-8FDC-42A3-9474-1A3956D46DE8}") = "Src", "Src", "{6C629393-F227-4018-A3AB-CF370334E7F5}"
EndProject
Project("{2150E333-8FDC-42A3-9474-1A3956D46DE8}") = "IM.Authentication", "IM.Authentication", "{0864E308-35A4-461B-ACF3-CC34820A55C8}"
EndProject
Project("{2150E333-8FDC-42A3-9474-1A3956D46DE8}") = "IM.Content", "IM.Content", "{06059E9E-EE5C-4149-8148-187790167B55}"
EndProject
Project("{2150E333-8FDC-42A3-9474-1A3956D46DE8}") = "Api", "Api", "{738F99A3-F247-4AA1-97DA-C307BCD41A9B}"
EndProject
Project("{2150E333-8FDC-42A3-9474-1A3956D46DE8}") = "Infrastructure", "Infrastructure", "{9EBB7560-9D3A-4428-A7C6-6A7B99193ACC}"
EndProject
Project("{FAE04EC0-301F-11D3-BF4B-00C04F79EFBC}") = "IM.Content", "IM.Content\IM.Content.csproj", "{73DFC319-B704-479F-A78A-D9ADC67DE46C}"
EndProject
Project("{2150E333-8FDC-42A3-9474-1A3956D46DE8}") = "Data", "Data", "{79C02E5C-09E7-4209-BF7A-081D2E01B054}"
EndProject
Project("{2150E333-8FDC-42A3-9474-1A3956D46DE8}") = "Domain", "Domain", "{4395BA13-4C15-4D8F-98C5-174CA3C46758}"
EndProject
Project("{FAE04EC0-301F-11D3-BF4B-00C04F79EFBC}") = "IM.Data", "IM.Data\IM.Data.csproj", "{3A1A5341-6EE9-4FAF-B147-64DB3C4A4112}"
EndProject
Project("{FAE04EC0-301F-11D3-BF4B-00C04F79EFBC}") = "IM.Domain", "IM.Domain\IM.Domain.csproj", "{F3800108-6D97-41E2-BADF-3FE40787A988}"
EndProject
Project("{2150E333-8FDC-42A3-9474-1A3956D46DE8}") = "Repository", "Repository", "{FA15D81A-B140-4A68-A5CD-0DB01C4E2F6A}"
EndProject
Project("{FAE04EC0-301F-11D3-BF4B-00C04F79EFBC}") = "IM.Repository", "IM.Repository\IM.Repository.csproj", "{30D9D55B-DE4F-425B-9EEE-CF53B0D67660}"
EndProject
Project("{2150E333-8FDC-42A3-9474-1A3956D46DE8}") = "Service", "Service", "{4F6F37F7-5B26-4F8E-92A6-D937B3D364E6}"
EndProject
Project("{FAE04EC0-301F-11D3-BF4B-00C04F79EFBC}") = "IM.Service", "IM.Service\IM.Service.csproj", "{5C9A0D87-BAA9-4340-85DB-18409B5382A1}"
EndProject
Project("{2150E333-8FDC-42A3-9474-1A3956D46DE8}") = "Middleware", "Middleware", "{D64AC581-C719-46BA-83D1-A0F0F0E3C14D}"
EndProject
Project("{2150E333-8FDC-42A3-9474-1A3956D46DE8}") = "ResponseWrapper", "ResponseWrapper", "{47FC9640-6363-49AC-891A-5CBD274A3AA5}"
EndProject
Project("{FAE04EC0-301F-11D3-BF4B-00C04F79EFBC}") = "Middleware", "Middleware\Middleware.csproj", "{809F7A0F-7FB1-4D80-8A73-9442DB6374D0}"
EndProject
Project("{FAE04EC0-301F-11D3-BF4B-00C04F79EFBC}") = "ResponseWrapper", "ResponseWrapper\ResponseWrapper.csproj", "{D03B6531-49AE-47F8-B60E-DF0AA81C7F07}"
EndProject
Project("{2150E333-8FDC-42A3-9474-1A3956D46DE8}") = "Dto", "Dto", "{265A0546-5884-49AD-8602-6C46F4D1882E}"
EndProject
Project("{FAE04EC0-301F-11D3-BF4B-00C04F79EFBC}") = "IM.Dto", "IM.Content.Dto\IM.Dto.csproj", "{5FF5A8CC-2F3C-4C35-AA41-BD90AC775581}"
EndProject
Project("{2150E333-8FDC-42A3-9474-1A3956D46DE8}") = "Api", "Api", "{B44A33AD-8399-4286-B94D-35F54D175BB0}"
EndProject
Project("{2150E333-8FDC-42A3-9474-1A3956D46DE8}") = "Infrastructure", "Infrastructure", "{D81CBFF0-D5E2-454C-85A0-328C62D39024}"
EndProject
Project("{2150E333-8FDC-42A3-9474-1A3956D46DE8}") = "Data", "Data", "{033E47D5-3D17-45DF-9EB6-CE71B64490B2}"
EndProject
Project("{FAE04EC0-301F-11D3-BF4B-00C04F79EFBC}") = "Auth.Data", "Auth.Data\Auth.Data.csproj", "{545E272D-ECB8-489D-A640-5F95B0F58B71}"
EndProject
Project("{2150E333-8FDC-42A3-9474-1A3956D46DE8}") = "Dto", "Dto", "{0F3104CC-0A2C-450D-B6B0-E2A861DB6F7F}"
EndProject
Project("{2150E333-8FDC-42A3-9474-1A3956D46DE8}") = "Service", "Service", "{199CE3D1-FEED-42CE-8DCB-62A38280AC87}"
EndProject
Project("{FAE04EC0-301F-11D3-BF4B-00C04F79EFBC}") = "Auth.Dto", "Auth.Dto\Auth.Dto.csproj", "{113CEBC6-BFE8-49A7-8EC4-CB463DEAB481}"
EndProject
Project("{FAE04EC0-301F-11D3-BF4B-00C04F79EFBC}") = "Auth.Service", "Auth.Service\Auth.Service.csproj", "{ECB6D477-2092-43F4-AE93-403915A91867}"
EndProject
Project("{FAE04EC0-301F-11D3-BF4B-00C04F79EFBC}") = "IM.Auth", "IM.Auth\IM.Auth.csproj", "{C0EBA485-FEF8-4497-86F0-249BABF71D6C}"
EndProject
Project("{2150E333-8FDC-42A3-9474-1A3956D46DE8}") = "Domain", "Domain", "{7288680E-9E97-4740-926C-03F2F22F2229}"
EndProject
Project("{FAE04EC0-301F-11D3-BF4B-00C04F79EFBC}") = "Auth.Domain", "Auth.Domain\Auth.Domain.csproj", "{3B51BF2D-E513-4919-A748-94083606C2B3}"
EndProject
Project("{2150E333-8FDC-42A3-9474-1A3956D46DE8}") = "Helper", "Helper", "{89197F7B-2B94-4249-B94D-3835AAFA3453}"
EndProject
Project("{FAE04EC0-301F-11D3-BF4B-00C04F79EFBC}") = "Helper", "Helper\Helper.csproj", "{40D21E9F-1489-43D5-94FC-D9E3764D1DAA}"
EndProject
Project("{2150E333-8FDC-42A3-9474-1A3956D46DE8}") = "ConfigurationModel", "ConfigurationModel", "{9B20C433-ECAB-4447-AFB6-4067BDA2CE31}"
EndProject
Project("{FAE04EC0-301F-11D3-BF4B-00C04F79EFBC}") = "ConfigurationModel", "ConfigurationModel\ConfigurationModel.csproj", "{B6FE2EC2-DF1C-45CB-8189-0FAE1F755F2C}"
EndProject
Project("{2150E333-8FDC-42A3-9474-1A3956D46DE8}") = "Infrastructure", "Infrastructure", "{02EA681E-C7D8-13C7-8484-4AC65E1B71E8}"
EndProject
Project("{FAE04EC0-301F-11D3-BF4B-00C04F79EFBC}") = "Infrastructure", "Infrastructure\Infrastructure.csproj", "{2D731284-3D97-46F3-86F1-B84CAD77D9BA}"
EndProject
Project("{2150E333-8FDC-42A3-9474-1A3956D46DE8}") = "IM.Notification", "IM.Notification", "{B5AC7804-2D29-4A34-8299-A9BBA4BA0248}"
EndProject
Project("{2150E333-8FDC-42A3-9474-1A3956D46DE8}") = "Api", "Api", "{E697DF80-AC4D-4D96-8A4E-4F0198DA6BF0}"
EndProject
Project("{2150E333-8FDC-42A3-9474-1A3956D46DE8}") = "Infrastructure", "Infrastructure", "{43E6B008-7F2A-4DBF-9433-D0B08B5D0FC1}"
EndProject
Project("{FAE04EC0-301F-11D3-BF4B-00C04F79EFBC}") = "IM.Notification", "IM.Notification\IM.Notification.csproj", "{CF8A673E-C1EE-47DC-9789-958A7E585541}"
EndProject
Project("{2150E333-8FDC-42A3-9474-1A3956D46DE8}") = "FileUploader", "FileUploader", "{C3B8C969-B1CA-4ECB-8830-4B6EEE26428D}"
EndProject
Project("{FAE04EC0-301F-11D3-BF4B-00C04F79EFBC}") = "FileUploader", "FileUploader\FileUploader.csproj", "{81754700-D2E7-4D98-ACB7-C0A513A02E81}"
EndProject
Project("{2150E333-8FDC-42A3-9474-1A3956D46DE8}") = "Dto", "Dto", "{94571748-00DF-4144-B274-BB02998E7DD7}"
EndProject
Project("{FAE04EC0-301F-11D3-BF4B-00C04F79EFBC}") = "IM.Notification.Dto", "IM.Notification.Dto\IM.Notification.Dto.csproj", "{B2647E68-71AE-4776-B261-F73712284430}"
EndProject
Project("{2150E333-8FDC-42A3-9474-1A3956D46DE8}") = "Service", "Service", "{5A56C944-DE34-4750-AE3C-77E5C7870310}"
EndProject
Project("{FAE04EC0-301F-11D3-BF4B-00C04F79EFBC}") = "IM.Notification.Service", "IM.Notification.Service\IM.Notification.Service.csproj", "{C854E97A-A1E3-4976-AB60-810E3ED3A4DE}"
EndProject
Project("{2150E333-8FDC-42A3-9474-1A3956D46DE8}") = "EmailGateway", "EmailGateway", "{D33BF720-48BB-4956-A234-156F6A653CDD}"
EndProject
Project("{FAE04EC0-301F-11D3-BF4B-00C04F79EFBC}") = "EmailGateway", "EmailGateway\EmailGateway.csproj", "{C38A36A6-6625-495F-A50A-9832A10464E3}"
EndProject
Project("{2150E333-8FDC-42A3-9474-1A3956D46DE8}") = "CommonApiCallHelper", "CommonApiCallHelper", "{5F350BD3-36C1-4B96-8348-F94D81F2BCA1}"
EndProject
Project("{FAE04EC0-301F-11D3-BF4B-00C04F79EFBC}") = "CommonApiCallHelper", "CommonApiCallHelper\CommonApiCallHelper.csproj", "{2FC1088E-EEA5-4F8D-8DBD-B659E4795634}"
EndProject
Project("{2150E333-8FDC-42A3-9474-1A3956D46DE8}") = "Repository", "Repository", "{6C0B4095-E3D2-4872-955D-EC02A6B17620}"
EndProject
Project("{FAE04EC0-301F-11D3-BF4B-00C04F79EFBC}") = "Auth.Repository", "Auth.Repository\Auth.Repository.csproj", "{0D9A74FC-A1FC-49D5-9817-23A2BBE059B8}"
EndProject
Project("{2150E333-8FDC-42A3-9474-1A3956D46DE8}") = "Localization", "Localization", "{19E6A4F3-16EE-46E7-B619-22B32E1719E9}"
EndProject
Project("{FAE04EC0-301F-11D3-BF4B-00C04F79EFBC}") = "Localization", "Localization\Localization.csproj", "{811CB8DE-5E4F-494E-9E65-03643E85DDE9}"
EndProject
Project("{2150E333-8FDC-42A3-9474-1A3956D46DE8}") = "CacheService", "CacheService", "{4E86DBB0-372B-4D19-8A3A-CB846C909C7A}"
EndProject
Project("{FAE04EC0-301F-11D3-BF4B-00C04F79EFBC}") = "IM.CacheService", "IM.CacheService\IM.CacheService.csproj", "{9D3D3811-E19D-4CC8-BEF3-4E3403F33B65}"
EndProject
Project("{2150E333-8FDC-42A3-9474-1A3956D46DE8}") = "Domain", "Domain", "{81BF96AC-29F1-40BC-AAFB-B73EA6BAE307}"
EndProject
Project("{FAE04EC0-301F-11D3-BF4B-00C04F79EFBC}") = "IM.Notification.Domain", "IM.Notification.Domain\IM.Notification.Domain.csproj", "{31002D4A-3A52-443B-9B31-ECBC2644DBBE}"
EndProject
Project("{2150E333-8FDC-42A3-9474-1A3956D46DE8}") = "Data", "Data", "{3D461120-1094-4C87-92E7-F3771A1A86DB}"
EndProject
Project("{FAE04EC0-301F-11D3-BF4B-00C04F79EFBC}") = "IM.Notification.Data", "IM.Notification.Data\IM.Notification.Data.csproj", "{C2F2BD8F-2CF2-41AD-A90B-738D5094A3B8}"
EndProject
Project("{2150E333-8FDC-42A3-9474-1A3956D46DE8}") = "Repository", "Repository", "{4C75F0CA-C4C5-4FB0-9AB7-222A1FD0D788}"
EndProject
Project("{FAE04EC0-301F-11D3-BF4B-00C04F79EFBC}") = "IM.Notification.Repository", "IM.Notification.Repository\IM.Notification.Repository.csproj", "{6F48E373-B02B-4E3B-A325-1590E4DEE62F}"
EndProject
Global
	GlobalSection(SolutionConfigurationPlatforms) = preSolution
		Debug|Any CPU = Debug|Any CPU
		Release|Any CPU = Release|Any CPU
	EndGlobalSection
	GlobalSection(ProjectConfigurationPlatforms) = postSolution
		{73DFC319-B704-479F-A78A-D9ADC67DE46C}.Debug|Any CPU.ActiveCfg = Debug|Any CPU
		{73DFC319-B704-479F-A78A-D9ADC67DE46C}.Debug|Any CPU.Build.0 = Debug|Any CPU
		{73DFC319-B704-479F-A78A-D9ADC67DE46C}.Release|Any CPU.ActiveCfg = Release|Any CPU
		{73DFC319-B704-479F-A78A-D9ADC67DE46C}.Release|Any CPU.Build.0 = Release|Any CPU
		{3A1A5341-6EE9-4FAF-B147-64DB3C4A4112}.Debug|Any CPU.ActiveCfg = Debug|Any CPU
		{3A1A5341-6EE9-4FAF-B147-64DB3C4A4112}.Debug|Any CPU.Build.0 = Debug|Any CPU
		{3A1A5341-6EE9-4FAF-B147-64DB3C4A4112}.Release|Any CPU.ActiveCfg = Release|Any CPU
		{3A1A5341-6EE9-4FAF-B147-64DB3C4A4112}.Release|Any CPU.Build.0 = Release|Any CPU
		{F3800108-6D97-41E2-BADF-3FE40787A988}.Debug|Any CPU.ActiveCfg = Debug|Any CPU
		{F3800108-6D97-41E2-BADF-3FE40787A988}.Debug|Any CPU.Build.0 = Debug|Any CPU
		{F3800108-6D97-41E2-BADF-3FE40787A988}.Release|Any CPU.ActiveCfg = Release|Any CPU
		{F3800108-6D97-41E2-BADF-3FE40787A988}.Release|Any CPU.Build.0 = Release|Any CPU
		{30D9D55B-DE4F-425B-9EEE-CF53B0D67660}.Debug|Any CPU.ActiveCfg = Debug|Any CPU
		{30D9D55B-DE4F-425B-9EEE-CF53B0D67660}.Debug|Any CPU.Build.0 = Debug|Any CPU
		{30D9D55B-DE4F-425B-9EEE-CF53B0D67660}.Release|Any CPU.ActiveCfg = Release|Any CPU
		{30D9D55B-DE4F-425B-9EEE-CF53B0D67660}.Release|Any CPU.Build.0 = Release|Any CPU
		{5C9A0D87-BAA9-4340-85DB-18409B5382A1}.Debug|Any CPU.ActiveCfg = Debug|Any CPU
		{5C9A0D87-BAA9-4340-85DB-18409B5382A1}.Debug|Any CPU.Build.0 = Debug|Any CPU
		{5C9A0D87-BAA9-4340-85DB-18409B5382A1}.Release|Any CPU.ActiveCfg = Release|Any CPU
		{5C9A0D87-BAA9-4340-85DB-18409B5382A1}.Release|Any CPU.Build.0 = Release|Any CPU
		{809F7A0F-7FB1-4D80-8A73-9442DB6374D0}.Debug|Any CPU.ActiveCfg = Debug|Any CPU
		{809F7A0F-7FB1-4D80-8A73-9442DB6374D0}.Debug|Any CPU.Build.0 = Debug|Any CPU
		{809F7A0F-7FB1-4D80-8A73-9442DB6374D0}.Release|Any CPU.ActiveCfg = Release|Any CPU
		{809F7A0F-7FB1-4D80-8A73-9442DB6374D0}.Release|Any CPU.Build.0 = Release|Any CPU
		{D03B6531-49AE-47F8-B60E-DF0AA81C7F07}.Debug|Any CPU.ActiveCfg = Debug|Any CPU
		{D03B6531-49AE-47F8-B60E-DF0AA81C7F07}.Debug|Any CPU.Build.0 = Debug|Any CPU
		{D03B6531-49AE-47F8-B60E-DF0AA81C7F07}.Release|Any CPU.ActiveCfg = Release|Any CPU
		{D03B6531-49AE-47F8-B60E-DF0AA81C7F07}.Release|Any CPU.Build.0 = Release|Any CPU
		{5FF5A8CC-2F3C-4C35-AA41-BD90AC775581}.Debug|Any CPU.ActiveCfg = Debug|Any CPU
		{5FF5A8CC-2F3C-4C35-AA41-BD90AC775581}.Debug|Any CPU.Build.0 = Debug|Any CPU
		{5FF5A8CC-2F3C-4C35-AA41-BD90AC775581}.Release|Any CPU.ActiveCfg = Release|Any CPU
		{5FF5A8CC-2F3C-4C35-AA41-BD90AC775581}.Release|Any CPU.Build.0 = Release|Any CPU
		{545E272D-ECB8-489D-A640-5F95B0F58B71}.Debug|Any CPU.ActiveCfg = Debug|Any CPU
		{545E272D-ECB8-489D-A640-5F95B0F58B71}.Debug|Any CPU.Build.0 = Debug|Any CPU
		{545E272D-ECB8-489D-A640-5F95B0F58B71}.Release|Any CPU.ActiveCfg = Release|Any CPU
		{545E272D-ECB8-489D-A640-5F95B0F58B71}.Release|Any CPU.Build.0 = Release|Any CPU
		{113CEBC6-BFE8-49A7-8EC4-CB463DEAB481}.Debug|Any CPU.ActiveCfg = Debug|Any CPU
		{113CEBC6-BFE8-49A7-8EC4-CB463DEAB481}.Debug|Any CPU.Build.0 = Debug|Any CPU
		{113CEBC6-BFE8-49A7-8EC4-CB463DEAB481}.Release|Any CPU.ActiveCfg = Release|Any CPU
		{113CEBC6-BFE8-49A7-8EC4-CB463DEAB481}.Release|Any CPU.Build.0 = Release|Any CPU
		{ECB6D477-2092-43F4-AE93-403915A91867}.Debug|Any CPU.ActiveCfg = Debug|Any CPU
		{ECB6D477-2092-43F4-AE93-403915A91867}.Debug|Any CPU.Build.0 = Debug|Any CPU
		{ECB6D477-2092-43F4-AE93-403915A91867}.Release|Any CPU.ActiveCfg = Release|Any CPU
		{ECB6D477-2092-43F4-AE93-403915A91867}.Release|Any CPU.Build.0 = Release|Any CPU
		{C0EBA485-FEF8-4497-86F0-249BABF71D6C}.Debug|Any CPU.ActiveCfg = Debug|Any CPU
		{C0EBA485-FEF8-4497-86F0-249BABF71D6C}.Debug|Any CPU.Build.0 = Debug|Any CPU
		{C0EBA485-FEF8-4497-86F0-249BABF71D6C}.Release|Any CPU.ActiveCfg = Release|Any CPU
		{C0EBA485-FEF8-4497-86F0-249BABF71D6C}.Release|Any CPU.Build.0 = Release|Any CPU
		{3B51BF2D-E513-4919-A748-94083606C2B3}.Debug|Any CPU.ActiveCfg = Debug|Any CPU
		{3B51BF2D-E513-4919-A748-94083606C2B3}.Debug|Any CPU.Build.0 = Debug|Any CPU
		{3B51BF2D-E513-4919-A748-94083606C2B3}.Release|Any CPU.ActiveCfg = Release|Any CPU
		{3B51BF2D-E513-4919-A748-94083606C2B3}.Release|Any CPU.Build.0 = Release|Any CPU
		{40D21E9F-1489-43D5-94FC-D9E3764D1DAA}.Debug|Any CPU.ActiveCfg = Debug|Any CPU
		{40D21E9F-1489-43D5-94FC-D9E3764D1DAA}.Debug|Any CPU.Build.0 = Debug|Any CPU
		{40D21E9F-1489-43D5-94FC-D9E3764D1DAA}.Release|Any CPU.ActiveCfg = Release|Any CPU
		{40D21E9F-1489-43D5-94FC-D9E3764D1DAA}.Release|Any CPU.Build.0 = Release|Any CPU
		{B6FE2EC2-DF1C-45CB-8189-0FAE1F755F2C}.Debug|Any CPU.ActiveCfg = Debug|Any CPU
		{B6FE2EC2-DF1C-45CB-8189-0FAE1F755F2C}.Debug|Any CPU.Build.0 = Debug|Any CPU
		{B6FE2EC2-DF1C-45CB-8189-0FAE1F755F2C}.Release|Any CPU.ActiveCfg = Release|Any CPU
		{B6FE2EC2-DF1C-45CB-8189-0FAE1F755F2C}.Release|Any CPU.Build.0 = Release|Any CPU
		{2D731284-3D97-46F3-86F1-B84CAD77D9BA}.Debug|Any CPU.ActiveCfg = Debug|Any CPU
		{2D731284-3D97-46F3-86F1-B84CAD77D9BA}.Debug|Any CPU.Build.0 = Debug|Any CPU
		{2D731284-3D97-46F3-86F1-B84CAD77D9BA}.Release|Any CPU.ActiveCfg = Release|Any CPU
		{2D731284-3D97-46F3-86F1-B84CAD77D9BA}.Release|Any CPU.Build.0 = Release|Any CPU
		{CF8A673E-C1EE-47DC-9789-958A7E585541}.Debug|Any CPU.ActiveCfg = Debug|Any CPU
		{CF8A673E-C1EE-47DC-9789-958A7E585541}.Debug|Any CPU.Build.0 = Debug|Any CPU
		{CF8A673E-C1EE-47DC-9789-958A7E585541}.Release|Any CPU.ActiveCfg = Release|Any CPU
		{CF8A673E-C1EE-47DC-9789-958A7E585541}.Release|Any CPU.Build.0 = Release|Any CPU
		{81754700-D2E7-4D98-ACB7-C0A513A02E81}.Debug|Any CPU.ActiveCfg = Debug|Any CPU
		{81754700-D2E7-4D98-ACB7-C0A513A02E81}.Debug|Any CPU.Build.0 = Debug|Any CPU
		{81754700-D2E7-4D98-ACB7-C0A513A02E81}.Release|Any CPU.ActiveCfg = Release|Any CPU
		{81754700-D2E7-4D98-ACB7-C0A513A02E81}.Release|Any CPU.Build.0 = Release|Any CPU
		{B2647E68-71AE-4776-B261-F73712284430}.Debug|Any CPU.ActiveCfg = Debug|Any CPU
		{B2647E68-71AE-4776-B261-F73712284430}.Debug|Any CPU.Build.0 = Debug|Any CPU
		{B2647E68-71AE-4776-B261-F73712284430}.Release|Any CPU.ActiveCfg = Release|Any CPU
		{B2647E68-71AE-4776-B261-F73712284430}.Release|Any CPU.Build.0 = Release|Any CPU
		{C854E97A-A1E3-4976-AB60-810E3ED3A4DE}.Debug|Any CPU.ActiveCfg = Debug|Any CPU
		{C854E97A-A1E3-4976-AB60-810E3ED3A4DE}.Debug|Any CPU.Build.0 = Debug|Any CPU
		{C854E97A-A1E3-4976-AB60-810E3ED3A4DE}.Release|Any CPU.ActiveCfg = Release|Any CPU
		{C854E97A-A1E3-4976-AB60-810E3ED3A4DE}.Release|Any CPU.Build.0 = Release|Any CPU
		{C38A36A6-6625-495F-A50A-9832A10464E3}.Debug|Any CPU.ActiveCfg = Debug|Any CPU
		{C38A36A6-6625-495F-A50A-9832A10464E3}.Debug|Any CPU.Build.0 = Debug|Any CPU
		{C38A36A6-6625-495F-A50A-9832A10464E3}.Release|Any CPU.ActiveCfg = Release|Any CPU
		{C38A36A6-6625-495F-A50A-9832A10464E3}.Release|Any CPU.Build.0 = Release|Any CPU
		{2FC1088E-EEA5-4F8D-8DBD-B659E4795634}.Debug|Any CPU.ActiveCfg = Debug|Any CPU
		{2FC1088E-EEA5-4F8D-8DBD-B659E4795634}.Debug|Any CPU.Build.0 = Debug|Any CPU
		{2FC1088E-EEA5-4F8D-8DBD-B659E4795634}.Release|Any CPU.ActiveCfg = Release|Any CPU
		{2FC1088E-EEA5-4F8D-8DBD-B659E4795634}.Release|Any CPU.Build.0 = Release|Any CPU
		{0D9A74FC-A1FC-49D5-9817-23A2BBE059B8}.Debug|Any CPU.ActiveCfg = Debug|Any CPU
		{0D9A74FC-A1FC-49D5-9817-23A2BBE059B8}.Debug|Any CPU.Build.0 = Debug|Any CPU
		{0D9A74FC-A1FC-49D5-9817-23A2BBE059B8}.Release|Any CPU.ActiveCfg = Release|Any CPU
		{0D9A74FC-A1FC-49D5-9817-23A2BBE059B8}.Release|Any CPU.Build.0 = Release|Any CPU
		{811CB8DE-5E4F-494E-9E65-03643E85DDE9}.Debug|Any CPU.ActiveCfg = Debug|Any CPU
		{811CB8DE-5E4F-494E-9E65-03643E85DDE9}.Debug|Any CPU.Build.0 = Debug|Any CPU
		{811CB8DE-5E4F-494E-9E65-03643E85DDE9}.Release|Any CPU.ActiveCfg = Release|Any CPU
		{811CB8DE-5E4F-494E-9E65-03643E85DDE9}.Release|Any CPU.Build.0 = Release|Any CPU
		{9D3D3811-E19D-4CC8-BEF3-4E3403F33B65}.Debug|Any CPU.ActiveCfg = Debug|Any CPU
		{9D3D3811-E19D-4CC8-BEF3-4E3403F33B65}.Debug|Any CPU.Build.0 = Debug|Any CPU
		{9D3D3811-E19D-4CC8-BEF3-4E3403F33B65}.Release|Any CPU.ActiveCfg = Release|Any CPU
		{9D3D3811-E19D-4CC8-BEF3-4E3403F33B65}.Release|Any CPU.Build.0 = Release|Any CPU
		{31002D4A-3A52-443B-9B31-ECBC2644DBBE}.Debug|Any CPU.ActiveCfg = Debug|Any CPU
		{31002D4A-3A52-443B-9B31-ECBC2644DBBE}.Debug|Any CPU.Build.0 = Debug|Any CPU
		{31002D4A-3A52-443B-9B31-ECBC2644DBBE}.Release|Any CPU.ActiveCfg = Release|Any CPU
		{31002D4A-3A52-443B-9B31-ECBC2644DBBE}.Release|Any CPU.Build.0 = Release|Any CPU
		{C2F2BD8F-2CF2-41AD-A90B-738D5094A3B8}.Debug|Any CPU.ActiveCfg = Debug|Any CPU
		{C2F2BD8F-2CF2-41AD-A90B-738D5094A3B8}.Debug|Any CPU.Build.0 = Debug|Any CPU
		{C2F2BD8F-2CF2-41AD-A90B-738D5094A3B8}.Release|Any CPU.ActiveCfg = Release|Any CPU
		{C2F2BD8F-2CF2-41AD-A90B-738D5094A3B8}.Release|Any CPU.Build.0 = Release|Any CPU
		{6F48E373-B02B-4E3B-A325-1590E4DEE62F}.Debug|Any CPU.ActiveCfg = Debug|Any CPU
		{6F48E373-B02B-4E3B-A325-1590E4DEE62F}.Debug|Any CPU.Build.0 = Debug|Any CPU
		{6F48E373-B02B-4E3B-A325-1590E4DEE62F}.Release|Any CPU.ActiveCfg = Release|Any CPU
		{6F48E373-B02B-4E3B-A325-1590E4DEE62F}.Release|Any CPU.Build.0 = Release|Any CPU
	EndGlobalSection
	GlobalSection(SolutionProperties) = preSolution
		HideSolutionNode = FALSE
	EndGlobalSection
	GlobalSection(NestedProjects) = preSolution
		{0864E308-35A4-461B-ACF3-CC34820A55C8} = {6C629393-F227-4018-A3AB-CF370334E7F5}
		{06059E9E-EE5C-4149-8148-187790167B55} = {6C629393-F227-4018-A3AB-CF370334E7F5}
		{738F99A3-F247-4AA1-97DA-C307BCD41A9B} = {06059E9E-EE5C-4149-8148-187790167B55}
		{9EBB7560-9D3A-4428-A7C6-6A7B99193ACC} = {06059E9E-EE5C-4149-8148-187790167B55}
		{73DFC319-B704-479F-A78A-D9ADC67DE46C} = {738F99A3-F247-4AA1-97DA-C307BCD41A9B}
		{79C02E5C-09E7-4209-BF7A-081D2E01B054} = {9EBB7560-9D3A-4428-A7C6-6A7B99193ACC}
		{4395BA13-4C15-4D8F-98C5-174CA3C46758} = {9EBB7560-9D3A-4428-A7C6-6A7B99193ACC}
		{3A1A5341-6EE9-4FAF-B147-64DB3C4A4112} = {79C02E5C-09E7-4209-BF7A-081D2E01B054}
		{F3800108-6D97-41E2-BADF-3FE40787A988} = {4395BA13-4C15-4D8F-98C5-174CA3C46758}
		{FA15D81A-B140-4A68-A5CD-0DB01C4E2F6A} = {9EBB7560-9D3A-4428-A7C6-6A7B99193ACC}
		{30D9D55B-DE4F-425B-9EEE-CF53B0D67660} = {FA15D81A-B140-4A68-A5CD-0DB01C4E2F6A}
		{4F6F37F7-5B26-4F8E-92A6-D937B3D364E6} = {9EBB7560-9D3A-4428-A7C6-6A7B99193ACC}
		{5C9A0D87-BAA9-4340-85DB-18409B5382A1} = {4F6F37F7-5B26-4F8E-92A6-D937B3D364E6}
		{D64AC581-C719-46BA-83D1-A0F0F0E3C14D} = {A496133F-86A7-4860-8ED9-D1125BB62507}
		{47FC9640-6363-49AC-891A-5CBD274A3AA5} = {A496133F-86A7-4860-8ED9-D1125BB62507}
		{809F7A0F-7FB1-4D80-8A73-9442DB6374D0} = {D64AC581-C719-46BA-83D1-A0F0F0E3C14D}
		{D03B6531-49AE-47F8-B60E-DF0AA81C7F07} = {47FC9640-6363-49AC-891A-5CBD274A3AA5}
		{265A0546-5884-49AD-8602-6C46F4D1882E} = {9EBB7560-9D3A-4428-A7C6-6A7B99193ACC}
		{5FF5A8CC-2F3C-4C35-AA41-BD90AC775581} = {265A0546-5884-49AD-8602-6C46F4D1882E}
		{B44A33AD-8399-4286-B94D-35F54D175BB0} = {0864E308-35A4-461B-ACF3-CC34820A55C8}
		{D81CBFF0-D5E2-454C-85A0-328C62D39024} = {0864E308-35A4-461B-ACF3-CC34820A55C8}
		{033E47D5-3D17-45DF-9EB6-CE71B64490B2} = {D81CBFF0-D5E2-454C-85A0-328C62D39024}
		{545E272D-ECB8-489D-A640-5F95B0F58B71} = {033E47D5-3D17-45DF-9EB6-CE71B64490B2}
		{0F3104CC-0A2C-450D-B6B0-E2A861DB6F7F} = {D81CBFF0-D5E2-454C-85A0-328C62D39024}
		{199CE3D1-FEED-42CE-8DCB-62A38280AC87} = {D81CBFF0-D5E2-454C-85A0-328C62D39024}
		{113CEBC6-BFE8-49A7-8EC4-CB463DEAB481} = {0F3104CC-0A2C-450D-B6B0-E2A861DB6F7F}
		{ECB6D477-2092-43F4-AE93-403915A91867} = {199CE3D1-FEED-42CE-8DCB-62A38280AC87}
		{C0EBA485-FEF8-4497-86F0-249BABF71D6C} = {B44A33AD-8399-4286-B94D-35F54D175BB0}
		{7288680E-9E97-4740-926C-03F2F22F2229} = {D81CBFF0-D5E2-454C-85A0-328C62D39024}
		{3B51BF2D-E513-4919-A748-94083606C2B3} = {7288680E-9E97-4740-926C-03F2F22F2229}
		{89197F7B-2B94-4249-B94D-3835AAFA3453} = {A496133F-86A7-4860-8ED9-D1125BB62507}
		{40D21E9F-1489-43D5-94FC-D9E3764D1DAA} = {89197F7B-2B94-4249-B94D-3835AAFA3453}
		{9B20C433-ECAB-4447-AFB6-4067BDA2CE31} = {A496133F-86A7-4860-8ED9-D1125BB62507}
		{B6FE2EC2-DF1C-45CB-8189-0FAE1F755F2C} = {9B20C433-ECAB-4447-AFB6-4067BDA2CE31}
		{02EA681E-C7D8-13C7-8484-4AC65E1B71E8} = {A496133F-86A7-4860-8ED9-D1125BB62507}
		{2D731284-3D97-46F3-86F1-B84CAD77D9BA} = {02EA681E-C7D8-13C7-8484-4AC65E1B71E8}
		{B5AC7804-2D29-4A34-8299-A9BBA4BA0248} = {6C629393-F227-4018-A3AB-CF370334E7F5}
		{E697DF80-AC4D-4D96-8A4E-4F0198DA6BF0} = {B5AC7804-2D29-4A34-8299-A9BBA4BA0248}
		{43E6B008-7F2A-4DBF-9433-D0B08B5D0FC1} = {B5AC7804-2D29-4A34-8299-A9BBA4BA0248}
		{CF8A673E-C1EE-47DC-9789-958A7E585541} = {E697DF80-AC4D-4D96-8A4E-4F0198DA6BF0}
		{C3B8C969-B1CA-4ECB-8830-4B6EEE26428D} = {A496133F-86A7-4860-8ED9-D1125BB62507}
		{81754700-D2E7-4D98-ACB7-C0A513A02E81} = {C3B8C969-B1CA-4ECB-8830-4B6EEE26428D}
		{94571748-00DF-4144-B274-BB02998E7DD7} = {43E6B008-7F2A-4DBF-9433-D0B08B5D0FC1}
		{B2647E68-71AE-4776-B261-F73712284430} = {94571748-00DF-4144-B274-BB02998E7DD7}
		{5A56C944-DE34-4750-AE3C-77E5C7870310} = {43E6B008-7F2A-4DBF-9433-D0B08B5D0FC1}
		{C854E97A-A1E3-4976-AB60-810E3ED3A4DE} = {5A56C944-DE34-4750-AE3C-77E5C7870310}
		{D33BF720-48BB-4956-A234-156F6A653CDD} = {A496133F-86A7-4860-8ED9-D1125BB62507}
		{C38A36A6-6625-495F-A50A-9832A10464E3} = {D33BF720-48BB-4956-A234-156F6A653CDD}
		{5F350BD3-36C1-4B96-8348-F94D81F2BCA1} = {A496133F-86A7-4860-8ED9-D1125BB62507}
		{2FC1088E-EEA5-4F8D-8DBD-B659E4795634} = {5F350BD3-36C1-4B96-8348-F94D81F2BCA1}
		{6C0B4095-E3D2-4872-955D-EC02A6B17620} = {D81CBFF0-D5E2-454C-85A0-328C62D39024}
		{0D9A74FC-A1FC-49D5-9817-23A2BBE059B8} = {6C0B4095-E3D2-4872-955D-EC02A6B17620}
		{19E6A4F3-16EE-46E7-B619-22B32E1719E9} = {A496133F-86A7-4860-8ED9-D1125BB62507}
		{811CB8DE-5E4F-494E-9E65-03643E85DDE9} = {19E6A4F3-16EE-46E7-B619-22B32E1719E9}
		{4E86DBB0-372B-4D19-8A3A-CB846C909C7A} = {9EBB7560-9D3A-4428-A7C6-6A7B99193ACC}
		{9D3D3811-E19D-4CC8-BEF3-4E3403F33B65} = {4E86DBB0-372B-4D19-8A3A-CB846C909C7A}
		{81BF96AC-29F1-40BC-AAFB-B73EA6BAE307} = {43E6B008-7F2A-4DBF-9433-D0B08B5D0FC1}
		{31002D4A-3A52-443B-9B31-ECBC2644DBBE} = {81BF96AC-29F1-40BC-AAFB-B73EA6BAE307}
		{3D461120-1094-4C87-92E7-F3771A1A86DB} = {43E6B008-7F2A-4DBF-9433-D0B08B5D0FC1}
		{C2F2BD8F-2CF2-41AD-A90B-738D5094A3B8} = {3D461120-1094-4C87-92E7-F3771A1A86DB}
		{4C75F0CA-C4C5-4FB0-9AB7-222A1FD0D788} = {43E6B008-7F2A-4DBF-9433-D0B08B5D0FC1}
		{6F48E373-B02B-4E3B-A325-1590E4DEE62F} = {4C75F0CA-C4C5-4FB0-9AB7-222A1FD0D788}
	EndGlobalSection
	GlobalSection(ExtensibilityGlobals) = postSolution
		SolutionGuid = {74D8DD99-6ABF-4845-A248-A7F21E7AA58C}
	EndGlobalSection
EndGlobal
